
Microsoft Visual Studio Solution File, Format Version 12.00
# Visual Studio 2012
Project("{FAE04EC0-301F-11D3-BF4B-00C04F79EFBC}") = "Facebook.Yoga.Android", "Facebook.Yoga.Android.csproj", "{4BD1FC4C-11A3-4674-B315-4F8C08410EC8}"
EndProject
Project("{FAE04EC0-301F-11D3-BF4B-00C04F79EFBC}") = "Facebook.Yoga.Android.Test", "Facebook.Yoga.Android.Test\Facebook.Yoga.Android.Test.csproj", "{15A216E2-1930-4529-8DEC-91E68D71A5FB}"
EndProject
Global
	GlobalSection(SolutionConfigurationPlatforms) = preSolution
		Debug|Any CPU = Debug|Any CPU
		Release|Any CPU = Release|Any CPU
	EndGlobalSection
	GlobalSection(ProjectConfigurationPlatforms) = postSolution
		{4BD1FC4C-11A3-4674-B315-4F8C08410EC8}.Debug|Any CPU.ActiveCfg = Debug|Any CPU
		{4BD1FC4C-11A3-4674-B315-4F8C08410EC8}.Debug|Any CPU.Build.0 = Debug|Any CPU
		{4BD1FC4C-11A3-4674-B315-4F8C08410EC8}.Release|Any CPU.ActiveCfg = Release|Any CPU
		{4BD1FC4C-11A3-4674-B315-4F8C08410EC8}.Release|Any CPU.Build.0 = Release|Any CPU
		{15A216E2-1930-4529-8DEC-91E68D71A5FB}.Debug|Any CPU.ActiveCfg = Debug|Any CPU
		{15A216E2-1930-4529-8DEC-91E68D71A5FB}.Debug|Any CPU.Build.0 = Debug|Any CPU
		{15A216E2-1930-4529-8DEC-91E68D71A5FB}.Release|Any CPU.ActiveCfg = Release|Any CPU
		{15A216E2-1930-4529-8DEC-91E68D71A5FB}.Release|Any CPU.Build.0 = Release|Any CPU
	EndGlobalSection
EndGlobal
